<?xml version="1.0" encoding="utf-8"?>
<Project ToolsVersion="4.0" xmlns="http://schemas.microsoft.com/developer/msbuild/2003">
  <ItemGroup>
    <Filter Include="Source Files">
      <UniqueIdentifier>{4FC737F1-C7A5-4376-A066-2A32D752A2FF}</UniqueIdentifier>
      <Extensions>cpp;c;cc;cxx;def;odl;idl;hpj;bat;asm;asmx</Extensions>
    </Filter>
    <Filter Include="Header Files">
      <UniqueIdentifier>{93995380-89BD-4b04-88EB-625FBE52EBFB}</UniqueIdentifier>
      <Extensions>h;hh;hpp;hxx;hm;inl;inc;ipp;xsd</Extensions>
    </Filter>
    <Filter Include="Resource Files">
      <UniqueIdentifier>{67DA6AB6-F800-4c08-8B7A-83BB121AAD01}</UniqueIdentifier>
      <Extensions>rc;ico;cur;bmp;dlg;rc2;rct;bin;rgs;gif;jpg;jpeg;jpe;resx;tiff;tif;png;wav;mfcribbon-ms</Extensions>
    </Filter>
    <Filter Include="Header Files\internal">
      <UniqueIdentifier>{725c3383-23de-48f1-8057-888e812328f9}</UniqueIdentifier>
    </Filter>
    <Filter Include="Header Files\internal\custom">
      <UniqueIdentifier>{41a06400-7e7a-4646-880b-42b8d804fdcb}</UniqueIdentifier>
    </Filter>
  </ItemGroup>
  <ItemGroup>
    <ClCompile Include="$(GMOCK_ROOT)\src\gmock-all.cc">
      <Filter>Source Files</Filter>
    </ClCompile>
  </ItemGroup>
  <ItemGroup>
    <ClInclude Include="$(GMOCK_ROOT)\include\gmock\gmock.h">
      <Filter>Header Files</Filter>
    </ClInclude>
    <ClInclude Include="$(GMOCK_ROOT)\include\gmock\gmock-actions.h">
      <Filter>Header Files</Filter>
    </ClInclude>
    <ClInclude Include="$(GMOCK_ROOT)\include\gmock\gmock-cardinalities.h">
      <Filter>Header Files</Filter>
    </ClInclude>
    <ClInclude Include="$(GMOCK_ROOT)\include\gmock\gmock-function-mocker.h">
      <Filter>Header Files</Filter>
    </ClInclude>
    <ClInclude Include="$(GMOCK_ROOT)\include\gmock\gmock-generated-actions.h">
      <Filter>Header Files</Filter>
    </ClInclude>
    <ClInclude Include="$(GMOCK_ROOT)\include\gmock\gmock-generated-function-mockers.h">
      <Filter>Header Files</Filter>
    </ClInclude>
    <ClInclude Include="$(GMOCK_ROOT)\include\gmock\gmock-generated-matchers.h">
      <Filter>Header Files</Filter>
    </ClInclude>
    <ClInclude Include="$(GMOCK_ROOT)\include\gmock\gmock-matchers.h">
      <Filter>Header Files</Filter>
    </ClInclude>
    <ClInclude Include="$(GMOCK_ROOT)\include\gmock\gmock-more-actions.h">
      <Filter>Header Files</Filter>
    </ClInclude>
    <ClInclude Include="$(GMOCK_ROOT)\include\gmock\gmock-more-matchers.h">
      <Filter>Header Files</Filter>
    </ClInclude>
    <ClInclude Include="$(GMOCK_ROOT)\include\gmock\gmock-nice-strict.h">
      <Filter>Header Files</Filter>
    </ClInclude>
    <ClInclude Include="$(GMOCK_ROOT)\include\gmock\gmock-spec-builders.h">
      <Filter>Header Files</Filter>
    </ClInclude>
    <ClInclude Include="$(GMOCK_ROOT)\include\gmock\internal\gmock-internal-utils.h">
      <Filter>Header Files\internal</Filter>
    </ClInclude>
    <ClInclude Include="$(GMOCK_ROOT)\include\gmock\internal\gmock-port.h">
      <Filter>Header Files\internal</Filter>
    </ClInclude>
    <ClInclude Include="$(GMOCK_ROOT)\include\gmock\internal\gmock-pp.h">
      <Filter>Header Files\internal</Filter>
    </ClInclude>
    <ClInclude Include="$(GMOCK_ROOT)\include\gmock\internal\custom\gmock-generated-actions.h">
      <Filter>Header Files\internal\custom</Filter>
    </ClInclude>
    <ClInclude Include="$(GMOCK_ROOT)\include\gmock\internal\custom\gmock-matchers.h">
      <Filter>Header Files\internal\custom</Filter>
    </ClInclude>
    <ClInclude Include="$(GMOCK_ROOT)\include\gmock\internal\custom\gmock-port.h">
      <Filter>Header Files\internal\custom</Filter>
    </ClInclude>
  </ItemGroup>
  <ItemGroup>
    <None Include="$(GMOCK_ROOT)\include\gmock\internal\custom\README.md">
      <Filter>Header Files\internal\custom</Filter>
    </None>
  </ItemGroup>
</Project>